
Microsoft Visual Studio Solution File, Format Version 12.00
# Visual Studio Version 17
VisualStudioVersion = 17.13.35931.197 d17.13
MinimumVisualStudioVersion = 10.0.40219.1
Project("{FAE04EC0-301F-11D3-BF4B-00C04F79EFBC}") = "test_script", "test_script\test_script.csproj", "{557ADF0A-DCC1-4D2A-A2BD-691DAB6F69C0}"
EndProject
Global
	GlobalSection(SolutionConfigurationPlatforms) = preSolution
		Debug|Any CPU = Debug|Any CPU
		Release|Any CPU = Release|Any CPU
	EndGlobalSection
	GlobalSection(ProjectConfigurationPlatforms) = postSolution
		{557ADF0A-DCC1-4D2A-A2BD-691DAB6F69C0}.Debug|Any CPU.ActiveCfg = Debug|Any CPU
		{557ADF0A-DCC1-4D2A-A2BD-691DAB6F69C0}.Debug|Any CPU.Build.0 = Debug|Any CPU
		{557ADF0A-DCC1-4D2A-A2BD-691DAB6F69C0}.Release|Any CPU.ActiveCfg = Release|Any CPU
		{557ADF0A-DCC1-4D2A-A2BD-691DAB6F69C0}.Release|Any CPU.Build.0 = Release|Any CPU
	EndGlobalSection
	GlobalSection(SolutionProperties) = preSolution
		HideSolutionNode = FALSE
	EndGlobalSection
	GlobalSection(ExtensibilityGlobals) = postSolution
		SolutionGuid = {E03C36A5-1BED-4D8A-91B0-95BC07889BF1}
	EndGlobalSection
EndGlobal
